PODS:
  - MagicalRecord (3.0.0.dev.1448905396):
    - MagicalRecord/Core (= 3.0.0.dev.1448905396)
  - MagicalRecord/Core (3.0.0.dev.1448905396)

DEPENDENCIES:
  - MagicalRecord (from `git@github.com:magicalpanda/MagicalRecord.git`, branch `release/3.0`)

EXTERNAL SOURCES:
  MagicalRecord:
    :branch: release/3.0
    :git: git@github.com:magicalpanda/MagicalRecord.git

CHECKOUT OPTIONS:
  MagicalRecord:
    :commit: 6c36c3a3e540331b5bde54514f51498fbb2cb531
    :git: git@github.com:magicalpanda/MagicalRecord.git

SPEC CHECKSUMS:
  MagicalRecord: a622fda6157760f783e0ab63bf3b1d0e6fca7721

COCOAPODS: 0.39.0
