// !$*UTF8*$!
{
	archiveVersion = 1;
	classes = {
	};
	objectVersion = 46;
	objects = {

/* Begin PBXBuildFile section */
		38F0AA171BF5006D00CE0A8E /* AppDelegate.swift in Sources */ = {isa = PBXBuildFile; fileRef = 38F0AA161BF5006D00CE0A8E /* AppDelegate.swift */; };
		38F0AA191BF5006D00CE0A8E /* ViewController.swift in Sources */ = {isa = PBXBuildFile; fileRef = 38F0AA181BF5006D00CE0A8E /* ViewController.swift */; };
		38F0AA1C1BF5006D00CE0A8E /* Main.storyboard in Resources */ = {isa = PBXBuildFile; fileRef = 38F0AA1A1BF5006D00CE0A8E /* Main.storyboard */; };
		38F0AA1E1BF5006D00CE0A8E /* Assets.xcassets in Resources */ = {isa = PBXBuildFile; fileRef = 38F0AA1D1BF5006D00CE0A8E /* Assets.xcassets */; };
		38F0AA211BF5006D00CE0A8E /* LaunchScreen.storyboard in Resources */ = {isa = PBXBuildFile; fileRef = 38F0AA1F1BF5006D00CE0A8E /* LaunchScreen.storyboard */; };
/* End PBXBuildFile section */

/* Begin PBXFileReference section */
		38F0AA131BF5006D00CE0A8E /* TransitionTest.app */ = {isa = PBXFileReference; explicitFileType = wrapper.application; includeInIndex = 0; path = TransitionTest.app; sourceTree = BUILT_PRODUCTS_DIR; };
		38F0AA161BF5006D00CE0A8E /* AppDelegate.swift */ = {isa = PBXFileReference; lastKnownFileType = sourcecode.swift; path = AppDelegate.swift; sourceTree = "<group>"; };
		38F0AA181BF5006D00CE0A8E /* ViewController.swift */ = {isa = PBXFileReference; lastKnownFileType = sourcecode.swift; path = ViewController.swift; sourceTree = "<group>"; };
		38F0AA1B1BF5006D00CE0A8E /* Base */ = {isa = PBXFileReference; lastKnownFileType = file.storyboard; name = Base; path = Base.lproj/Main.storyboard; sourceTree = "<group>"; };
		38F0AA1D1BF5006D00CE0A8E /* Assets.xcassets */ = {isa = PBXFileReference; lastKnownFileType = folder.assetcatalog; path = Assets.xcassets; sourceTree = "<group>"; };
		38F0AA201BF5006D00CE0A8E /* Base */ = {isa = PBXFileReference; lastKnownFileType = file.storyboard; name = Base; path = Base.lproj/LaunchScreen.storyboard; sourceTree = "<group>"; };
		38F0AA221BF5006D00CE0A8E /* Info.plist */ = {isa = PBXFileReference; lastKnownFileType = text.plist.xml; path = Info.plist; sourceTree = "<group>"; };
/* End PBXFileReference section */

/* Begin PBXFrameworksBuildPhase section */
		38F0AA101BF5006D00CE0A8E /* Frameworks */ = {
			isa = PBXFrameworksBuildPhase;
			buildActionMask = 2147483647;
			files = (
			);
			runOnlyForDeploymentPostprocessing = 0;
		};
/* End PBXFrameworksBuildPhase section */

/* Begin PBXGroup section */
		38F0AA0A1BF5006D00CE0A8E = {
			isa = PBXGroup;
			children = (
				38F0AA151BF5006D00CE0A8E /* TransitionTest */,
				38F0AA141BF5006D00CE0A8E /* Products */,
			);
			sourceTree = "<group>";
		};
		38F0AA141BF5006D00CE0A8E /* Products */ = {
			isa = PBXGroup;
			children = (
				38F0AA131BF5006D00CE0A8E /* TransitionTest.app */,
			);
			name = Products;
			sourceTree = "<group>";
		};
		38F0AA151BF5006D00CE0A8E /* TransitionTest */ = {
			isa = PBXGroup;
			children = (
				38F0AA161BF5006D00CE0A8E /* AppDelegate.swift */,
				38F0AA181BF5006D00CE0A8E /* ViewController.swift */,
				38F0AA1A1BF5006D00CE0A8E /* Main.storyboard */,
				38F0AA1D1BF5006D00CE0A8E /* Assets.xcassets */,
				38F0AA1F1BF5006D00CE0A8E /* LaunchScreen.storyboard */,
				38F0AA221BF5006D00CE0A8E /* Info.plist */,
			);
			path = TransitionTest;
			sourceTree = "<group>";
		};
/* End PBXGroup section */

/* Begin PBXNativeTarget section */
		38F0AA121BF5006D00CE0A8E /* TransitionTest */ = {
			isa = PBXNativeTarget;
			buildConfigurationList = 38F0AA251BF5006D00CE0A8E /* Build configuration list for PBXNativeTarget "TransitionTest" */;
			buildPhases = (
				38F0AA0F1BF5006D00CE0A8E /* Sources */,
				38F0AA101BF5006D00CE0A8E /* Frameworks */,
				38F0AA111BF5006D00CE0A8E /* Resources */,
			);
			buildRules = (
			);
			dependencies = (
			);
			name = TransitionTest;
			productName = TransitionTest;
			productReference = 38F0AA131BF5006D00CE0A8E /* TransitionTest.app */;
			productType = "com.apple.product-type.application";
		};
/* End PBXNativeTarget section */

/* Begin PBXProject section */
		38F0AA0B1BF5006D00CE0A8E /* Project object */ = {
			isa = PBXProject;
			attributes = {
				LastSwiftUpdateCheck = 0710;
				LastUpgradeCheck = 0710;
				ORGANIZATIONNAME = "Unified Sense";
				TargetAttributes = {
					38F0AA121BF5006D00CE0A8E = {
						CreatedOnToolsVersion = 7.1.1;
					};
				};
			};
			buildConfigurationList = 38F0AA0E1BF5006D00CE0A8E /* Build configuration list for PBXProject "TransitionTest" */;
			compatibilityVersion = "Xcode 3.2";
			developmentRegion = English;
			hasScannedForEncodings = 0;
			knownRegions = (
				en,
				Base,
			);
			mainGroup = 38F0AA0A1BF5006D00CE0A8E;
			productRefGroup = 38F0AA141BF5006D00CE0A8E /* Products */;
			projectDirPath = "";
			projectRoot = "";
			targets = (
				38F0AA121BF5006D00CE0A8E /* TransitionTest */,
			);
		};
/* End PBXProject section */

/* Begin PBXResourcesBuildPhase section */
		38F0AA111BF5006D00CE0A8E /* Resources */ = {
			isa = PBXResourcesBuildPhase;
			buildActionMask = 2147483647;
			files = (
				38F0AA211BF5006D00CE0A8E /* LaunchScreen.storyboard in Resources */,
				38F0AA1E1BF5006D00CE0A8E /* Assets.xcassets in Resources */,
				38F0AA1C1BF5006D00CE0A8E /* Main.storyboard in Resources */,
			);
			runOnlyForDeploymentPostprocessing = 0;
		};
/* End PBXResourcesBuildPhase section */

/* Begin PBXSourcesBuildPhase section */
		38F0AA0F1BF5006D00CE0A8E /* Sources */ = {
			isa = PBXSourcesBuildPhase;
			buildActionMask = 2147483647;
			files = (
				38F0AA191BF5006D00CE0A8E /* ViewController.swift in Sources */,
				38F0AA171BF5006D00CE0A8E /* AppDelegate.swift in Sources */,
			);
			runOnlyForDeploymentPostprocessing = 0;
		};
/* End PBXSourcesBuildPhase section */

/* Begin PBXVariantGroup section */
		38F0AA1A1BF5006D00CE0A8E /* Main.storyboard */ = {
			isa = PBXVariantGroup;
			children = (
				38F0AA1B1BF5006D00CE0A8E /* Base */,
			);
			name = Main.storyboard;
			sourceTree = "<group>";
		};
		38F0AA1F1BF5006D00CE0A8E /* LaunchScreen.storyboard */ = {
			isa = PBXVariantGroup;
			children = (
				38F0AA201BF5006D00CE0A8E /* Base */,
			);
			name = LaunchScreen.storyboard;
			sourceTree = "<group>";
		};
/* End PBXVariantGroup section */

/* Begin XCBuildConfiguration section */
		38F0AA231BF5006D00CE0A8E /* Debug */ = {
			isa = XCBuildConfiguration;
			buildSettings = {
				ALWAYS_SEARCH_USER_PATHS = NO;
				CLANG_CXX_LANGUAGE_STANDARD = "gnu++0x";
				CLANG_CXX_LIBRARY = "libc++";
				CLANG_ENABLE_MODULES = YES;
				CLANG_ENABLE_OBJC_ARC = YES;
				CLANG_WARN_BOOL_CONVERSION = YES;
				CLANG_WARN_CONSTANT_CONVERSION = YES;
				CLANG_WARN_DIRECT_OBJC_ISA_USAGE = YES_ERROR;
				CLANG_WARN_EMPTY_BODY = YES;
				CLANG_WARN_ENUM_CONVERSION = YES;
				CLANG_WARN_INT_CONVERSION = YES;
				CLANG_WARN_OBJC_ROOT_CLASS = YES_ERROR;
				CLANG_WARN_UNREACHABLE_CODE = YES;
				CLANG_WARN__DUPLICATE_METHOD_MATCH = YES;
				"CODE_SIGN_IDENTITY[sdk=iphoneos*]" = "iPhone Developer";
				COPY_PHASE_STRIP = NO;
				DEBUG_INFORMATION_FORMAT = dwarf;
				ENABLE_STRICT_OBJC_MSGSEND = YES;
				ENABLE_TESTABILITY = YES;
				GCC_C_LANGUAGE_STANDARD = gnu99;
				GCC_DYNAMIC_NO_PIC = NO;
				GCC_NO_COMMON_BLOCKS = YES;
				GCC_OPTIMIZATION_LEVEL = 0;
				GCC_PREPROCESSOR_DEFINITIONS = (
					"DEBUG=1",
					"$(inherited)",
				);
				GCC_WARN_64_TO_32_BIT_CONVERSION = YES;
				GCC_WARN_ABOUT_RETURN_TYPE = YES_ERROR;
				GCC_WARN_UNDECLARED_SELECTOR = YES;
				GCC_WARN_UNINITIALIZED_AUTOS = YES_AGGRESSIVE;
				GCC_WARN_UNUSED_FUNCTION = YES;
				GCC_WARN_UNUSED_VARIABLE = YES;
				IPHONEOS_DEPLOYMENT_TARGET = 9.1;
				MTL_ENABLE_DEBUG_INFO = YES;
				ONLY_ACTIVE_ARCH = YES;
				SDKROOT = iphoneos;
				SWIFT_OPTIMIZATION_LEVEL = "-Onone";
				TARGETED_DEVICE_FAMILY = "1,2";
			};
			name = Debug;
		};
		38F0AA241BF5006D00CE0A8E /* Release */ = {
			isa = XCBuildConfiguration;
			buildSettings = {
				ALWAYS_SEARCH_USER_PATHS = NO;
				CLANG_CXX_LANGUAGE_STANDARD = "gnu++0x";
				CLANG_CXX_LIBRARY = "libc++";
				CLANG_ENABLE_MODULES = YES;
				CLANG_ENABLE_OBJC_ARC = YES;
				CLANG_WARN_BOOL_CONVERSION = YES;
				CLANG_WARN_CONSTANT_CONVERSION = YES;
				CLANG_WARN_DIRECT_OBJC_ISA_USAGE = YES_ERROR;
				CLANG_WARN_EMPTY_BODY = YES;
				CLANG_WARN_ENUM_CONVERSION = YES;
				CLANG_WARN_INT_CONVERSION = YES;
				CLANG_WARN_OBJC_ROOT_CLASS = YES_ERROR;
				CLANG_WARN_UNREACHABLE_CODE = YES;
				CLANG_WARN__DUPLICATE_METHOD_MATCH = YES;
				"CODE_SIGN_IDENTITY[sdk=iphoneos*]" = "iPhone Developer";
				COPY_PHASE_STRIP = NO;
				DEBUG_INFORMATION_FORMAT = "dwarf-with-dsym";
				ENABLE_NS_ASSERTIONS = NO;
				ENABLE_STRICT_OBJC_MSGSEND = YES;
				GCC_C_LANGUAGE_STANDARD = gnu99;
				GCC_NO_COMMON_BLOCKS = YES;
				GCC_WARN_64_TO_32_BIT_CONVERSION = YES;
				GCC_WARN_ABOUT_RETURN_TYPE = YES_ERROR;
				GCC_WARN_UNDECLARED_SELECTOR = YES;
				GCC_WARN_UNINITIALIZED_AUTOS = YES_AGGRESSIVE;
				GCC_WARN_UNUSED_FUNCTION = YES;
				GCC_WARN_UNUSED_VARIABLE = YES;
				IPHONEOS_DEPLOYMENT_TARGET = 9.1;
				MTL_ENABLE_DEBUG_INFO = NO;
				SDKROOT = iphoneos;
				TARGETED_DEVICE_FAMILY = "1,2";
				VALIDATE_PRODUCT = YES;
			};
			name = Release;
		};
		38F0AA261BF5006D00CE0A8E /* Debug */ = {
			isa = XCBuildConfiguration;
			buildSettings = {
				ASSETCATALOG_COMPILER_APPICON_NAME = AppIcon;
				ASSETCATALOG_COMPILER_LAUNCHIMAGE_NAME = "Brand Assets";
				INFOPLIST_FILE = TransitionTest/Info.plist;
				LD_RUNPATH_SEARCH_PATHS = "$(inherited) @executable_path/Frameworks";
				PRODUCT_BUNDLE_IDENTIFIER = com.unifiedsense.TransitionTest;
				PRODUCT_NAME = "$(TARGET_NAME)";
			};
			name = Debug;
		};
		38F0AA271BF5006D00CE0A8E /* Release */ = {
			isa = XCBuildConfiguration;
			buildSettings = {
				ASSETCATALOG_COMPILER_APPICON_NAME = AppIcon;
				ASSETCATALOG_COMPILER_LAUNCHIMAGE_NAME = "Brand Assets";
				INFOPLIST_FILE = TransitionTest/Info.plist;
				LD_RUNPATH_SEARCH_PATHS = "$(inherited) @executable_path/Frameworks";
				PRODUCT_BUNDLE_IDENTIFIER = com.unifiedsense.TransitionTest;
				PRODUCT_NAME = "$(TARGET_NAME)";
			};
			name = Release;
		};
/* End XCBuildConfiguration section */

/* Begin XCConfigurationList section */
		38F0AA0E1BF5006D00CE0A8E /* Build configuration list for PBXProject "TransitionTest" */ = {
			isa = XCConfigurationList;
			buildConfigurations = (
				38F0AA231BF5006D00CE0A8E /* Debug */,
				38F0AA241BF5006D00CE0A8E /* Release */,
			);
			defaultConfigurationIsVisible = 0;
			defaultConfigurationName = Release;
		};
		38F0AA251BF5006D00CE0A8E /* Build configuration list for PBXNativeTarget "TransitionTest" */ = {
			isa = XCConfigurationList;
			buildConfigurations = (
				38F0AA261BF5006D00CE0A8E /* Debug */,
				38F0AA271BF5006D00CE0A8E /* Release */,
			);
			defaultConfigurationIsVisible = 0;
		};
/* End XCConfigurationList section */
	};
	rootObject = 38F0AA0B1BF5006D00CE0A8E /* Project object */;
}
