// !$*UTF8*$!
{
	archiveVersion = 1;
	classes = {
	};
	objectVersion = 46;
	objects = {

/* Begin PBXBuildFile section */
		380E2ADC1C062E45006DADFB /* WeatherDataViewController.swift in Sources */ = {isa = PBXBuildFile; fileRef = 380E2ADB1C062E45006DADFB /* WeatherDataViewController.swift */; };
		3831C5231BF3C70D00C61924 /* WeatherIconView.swift in Sources */ = {isa = PBXBuildFile; fileRef = 3831C5221BF3C70D00C61924 /* WeatherIconView.swift */; };
		3864AE0A1BEFE8B700EB28C5 /* AppDelegate.swift in Sources */ = {isa = PBXBuildFile; fileRef = 3864AE091BEFE8B700EB28C5 /* AppDelegate.swift */; };
		3864AE0C1BEFE8B700EB28C5 /* ViewController.swift in Sources */ = {isa = PBXBuildFile; fileRef = 3864AE0B1BEFE8B700EB28C5 /* ViewController.swift */; };
		3864AE0F1BEFE8B700EB28C5 /* Main.storyboard in Resources */ = {isa = PBXBuildFile; fileRef = 3864AE0D1BEFE8B700EB28C5 /* Main.storyboard */; };
		3864AE111BEFE8B700EB28C5 /* Assets.xcassets in Resources */ = {isa = PBXBuildFile; fileRef = 3864AE101BEFE8B700EB28C5 /* Assets.xcassets */; };
		3864AE141BEFE8B700EB28C5 /* LaunchScreen.storyboard in Resources */ = {isa = PBXBuildFile; fileRef = 3864AE121BEFE8B700EB28C5 /* LaunchScreen.storyboard */; };
		388DDCB81C0B886200CF53AF /* CitiesViewController.swift in Sources */ = {isa = PBXBuildFile; fileRef = 388DDCB71C0B886200CF53AF /* CitiesViewController.swift */; };
		388DDCBA1C0BA6EC00CF53AF /* WeatherLoadOperation.swift in Sources */ = {isa = PBXBuildFile; fileRef = 388DDCB91C0BA6EC00CF53AF /* WeatherLoadOperation.swift */; };
/* End PBXBuildFile section */

/* Begin PBXFileReference section */
		380E2ADB1C062E45006DADFB /* WeatherDataViewController.swift */ = {isa = PBXFileReference; fileEncoding = 4; lastKnownFileType = sourcecode.swift; path = WeatherDataViewController.swift; sourceTree = "<group>"; };
		3831C5221BF3C70D00C61924 /* WeatherIconView.swift */ = {isa = PBXFileReference; fileEncoding = 4; lastKnownFileType = sourcecode.swift; path = WeatherIconView.swift; sourceTree = "<group>"; };
		3864AE061BEFE8B700EB28C5 /* MyWeather.app */ = {isa = PBXFileReference; explicitFileType = wrapper.application; includeInIndex = 0; path = MyWeather.app; sourceTree = BUILT_PRODUCTS_DIR; };
		3864AE091BEFE8B700EB28C5 /* AppDelegate.swift */ = {isa = PBXFileReference; lastKnownFileType = sourcecode.swift; path = AppDelegate.swift; sourceTree = "<group>"; };
		3864AE0B1BEFE8B700EB28C5 /* ViewController.swift */ = {isa = PBXFileReference; lastKnownFileType = sourcecode.swift; path = ViewController.swift; sourceTree = "<group>"; };
		3864AE0E1BEFE8B700EB28C5 /* Base */ = {isa = PBXFileReference; lastKnownFileType = file.storyboard; name = Base; path = Base.lproj/Main.storyboard; sourceTree = "<group>"; };
		3864AE101BEFE8B700EB28C5 /* Assets.xcassets */ = {isa = PBXFileReference; lastKnownFileType = folder.assetcatalog; path = Assets.xcassets; sourceTree = "<group>"; };
		3864AE131BEFE8B700EB28C5 /* Base */ = {isa = PBXFileReference; lastKnownFileType = file.storyboard; name = Base; path = Base.lproj/LaunchScreen.storyboard; sourceTree = "<group>"; };
		3864AE151BEFE8B700EB28C5 /* Info.plist */ = {isa = PBXFileReference; lastKnownFileType = text.plist.xml; path = Info.plist; sourceTree = "<group>"; };
		388DDCB71C0B886200CF53AF /* CitiesViewController.swift */ = {isa = PBXFileReference; fileEncoding = 4; lastKnownFileType = sourcecode.swift; path = CitiesViewController.swift; sourceTree = "<group>"; };
		388DDCB91C0BA6EC00CF53AF /* WeatherLoadOperation.swift */ = {isa = PBXFileReference; fileEncoding = 4; lastKnownFileType = sourcecode.swift; path = WeatherLoadOperation.swift; sourceTree = "<group>"; };
/* End PBXFileReference section */

/* Begin PBXFrameworksBuildPhase section */
		3864AE031BEFE8B700EB28C5 /* Frameworks */ = {
			isa = PBXFrameworksBuildPhase;
			buildActionMask = 2147483647;
			files = (
			);
			runOnlyForDeploymentPostprocessing = 0;
		};
/* End PBXFrameworksBuildPhase section */

/* Begin PBXGroup section */
		3864ADFD1BEFE8B700EB28C5 = {
			isa = PBXGroup;
			children = (
				3864AE081BEFE8B700EB28C5 /* MyWeather */,
				3864AE071BEFE8B700EB28C5 /* Products */,
			);
			sourceTree = "<group>";
		};
		3864AE071BEFE8B700EB28C5 /* Products */ = {
			isa = PBXGroup;
			children = (
				3864AE061BEFE8B700EB28C5 /* MyWeather.app */,
			);
			name = Products;
			sourceTree = "<group>";
		};
		3864AE081BEFE8B700EB28C5 /* MyWeather */ = {
			isa = PBXGroup;
			children = (
				3864AE091BEFE8B700EB28C5 /* AppDelegate.swift */,
				388DDCB71C0B886200CF53AF /* CitiesViewController.swift */,
				3864AE0B1BEFE8B700EB28C5 /* ViewController.swift */,
				3864AE0D1BEFE8B700EB28C5 /* Main.storyboard */,
				3864AE101BEFE8B700EB28C5 /* Assets.xcassets */,
				3864AE121BEFE8B700EB28C5 /* LaunchScreen.storyboard */,
				3864AE151BEFE8B700EB28C5 /* Info.plist */,
				3831C5221BF3C70D00C61924 /* WeatherIconView.swift */,
				380E2ADB1C062E45006DADFB /* WeatherDataViewController.swift */,
				388DDCB91C0BA6EC00CF53AF /* WeatherLoadOperation.swift */,
			);
			path = MyWeather;
			sourceTree = "<group>";
		};
/* End PBXGroup section */

/* Begin PBXNativeTarget section */
		3864AE051BEFE8B700EB28C5 /* MyWeather */ = {
			isa = PBXNativeTarget;
			buildConfigurationList = 3864AE181BEFE8B700EB28C5 /* Build configuration list for PBXNativeTarget "MyWeather" */;
			buildPhases = (
				3864AE021BEFE8B700EB28C5 /* Sources */,
				3864AE031BEFE8B700EB28C5 /* Frameworks */,
				3864AE041BEFE8B700EB28C5 /* Resources */,
			);
			buildRules = (
			);
			dependencies = (
			);
			name = MyWeather;
			productName = MyWeather;
			productReference = 3864AE061BEFE8B700EB28C5 /* MyWeather.app */;
			productType = "com.apple.product-type.application";
		};
/* End PBXNativeTarget section */

/* Begin PBXProject section */
		3864ADFE1BEFE8B700EB28C5 /* Project object */ = {
			isa = PBXProject;
			attributes = {
				LastSwiftUpdateCheck = 0710;
				LastUpgradeCheck = 0710;
				ORGANIZATIONNAME = "Unified Sense";
				TargetAttributes = {
					3864AE051BEFE8B700EB28C5 = {
						CreatedOnToolsVersion = 7.1;
					};
				};
			};
			buildConfigurationList = 3864AE011BEFE8B700EB28C5 /* Build configuration list for PBXProject "MyWeather" */;
			compatibilityVersion = "Xcode 3.2";
			developmentRegion = English;
			hasScannedForEncodings = 0;
			knownRegions = (
				en,
				Base,
			);
			mainGroup = 3864ADFD1BEFE8B700EB28C5;
			productRefGroup = 3864AE071BEFE8B700EB28C5 /* Products */;
			projectDirPath = "";
			projectRoot = "";
			targets = (
				3864AE051BEFE8B700EB28C5 /* MyWeather */,
			);
		};
/* End PBXProject section */

/* Begin PBXResourcesBuildPhase section */
		3864AE041BEFE8B700EB28C5 /* Resources */ = {
			isa = PBXResourcesBuildPhase;
			buildActionMask = 2147483647;
			files = (
				3864AE141BEFE8B700EB28C5 /* LaunchScreen.storyboard in Resources */,
				3864AE111BEFE8B700EB28C5 /* Assets.xcassets in Resources */,
				3864AE0F1BEFE8B700EB28C5 /* Main.storyboard in Resources */,
			);
			runOnlyForDeploymentPostprocessing = 0;
		};
/* End PBXResourcesBuildPhase section */

/* Begin PBXSourcesBuildPhase section */
		3864AE021BEFE8B700EB28C5 /* Sources */ = {
			isa = PBXSourcesBuildPhase;
			buildActionMask = 2147483647;
			files = (
				3831C5231BF3C70D00C61924 /* WeatherIconView.swift in Sources */,
				388DDCB81C0B886200CF53AF /* CitiesViewController.swift in Sources */,
				3864AE0C1BEFE8B700EB28C5 /* ViewController.swift in Sources */,
				3864AE0A1BEFE8B700EB28C5 /* AppDelegate.swift in Sources */,
				388DDCBA1C0BA6EC00CF53AF /* WeatherLoadOperation.swift in Sources */,
				380E2ADC1C062E45006DADFB /* WeatherDataViewController.swift in Sources */,
			);
			runOnlyForDeploymentPostprocessing = 0;
		};
/* End PBXSourcesBuildPhase section */

/* Begin PBXVariantGroup section */
		3864AE0D1BEFE8B700EB28C5 /* Main.storyboard */ = {
			isa = PBXVariantGroup;
			children = (
				3864AE0E1BEFE8B700EB28C5 /* Base */,
			);
			name = Main.storyboard;
			sourceTree = "<group>";
		};
		3864AE121BEFE8B700EB28C5 /* LaunchScreen.storyboard */ = {
			isa = PBXVariantGroup;
			children = (
				3864AE131BEFE8B700EB28C5 /* Base */,
			);
			name = LaunchScreen.storyboard;
			sourceTree = "<group>";
		};
/* End PBXVariantGroup section */

/* Begin XCBuildConfiguration section */
		3864AE161BEFE8B700EB28C5 /* Debug */ = {
			isa = XCBuildConfiguration;
			buildSettings = {
				ALWAYS_SEARCH_USER_PATHS = NO;
				CLANG_CXX_LANGUAGE_STANDARD = "gnu++0x";
				CLANG_CXX_LIBRARY = "libc++";
				CLANG_ENABLE_MODULES = YES;
				CLANG_ENABLE_OBJC_ARC = YES;
				CLANG_WARN_BOOL_CONVERSION = YES;
				CLANG_WARN_CONSTANT_CONVERSION = YES;
				CLANG_WARN_DIRECT_OBJC_ISA_USAGE = YES_ERROR;
				CLANG_WARN_EMPTY_BODY = YES;
				CLANG_WARN_ENUM_CONVERSION = YES;
				CLANG_WARN_INT_CONVERSION = YES;
				CLANG_WARN_OBJC_ROOT_CLASS = YES_ERROR;
				CLANG_WARN_UNREACHABLE_CODE = YES;
				CLANG_WARN__DUPLICATE_METHOD_MATCH = YES;
				"CODE_SIGN_IDENTITY[sdk=iphoneos*]" = "iPhone Developer";
				COPY_PHASE_STRIP = NO;
				DEBUG_INFORMATION_FORMAT = dwarf;
				ENABLE_STRICT_OBJC_MSGSEND = YES;
				ENABLE_TESTABILITY = YES;
				GCC_C_LANGUAGE_STANDARD = gnu99;
				GCC_DYNAMIC_NO_PIC = NO;
				GCC_NO_COMMON_BLOCKS = YES;
				GCC_OPTIMIZATION_LEVEL = 0;
				GCC_PREPROCESSOR_DEFINITIONS = (
					"DEBUG=1",
					"$(inherited)",
				);
				GCC_WARN_64_TO_32_BIT_CONVERSION = YES;
				GCC_WARN_ABOUT_RETURN_TYPE = YES_ERROR;
				GCC_WARN_UNDECLARED_SELECTOR = YES;
				GCC_WARN_UNINITIALIZED_AUTOS = YES_AGGRESSIVE;
				GCC_WARN_UNUSED_FUNCTION = YES;
				GCC_WARN_UNUSED_VARIABLE = YES;
				IPHONEOS_DEPLOYMENT_TARGET = 9.1;
				MTL_ENABLE_DEBUG_INFO = YES;
				ONLY_ACTIVE_ARCH = YES;
				SDKROOT = iphoneos;
				SWIFT_OPTIMIZATION_LEVEL = "-Onone";
				TARGETED_DEVICE_FAMILY = "1,2";
			};
			name = Debug;
		};
		3864AE171BEFE8B700EB28C5 /* Release */ = {
			isa = XCBuildConfiguration;
			buildSettings = {
				ALWAYS_SEARCH_USER_PATHS = NO;
				CLANG_CXX_LANGUAGE_STANDARD = "gnu++0x";
				CLANG_CXX_LIBRARY = "libc++";
				CLANG_ENABLE_MODULES = YES;
				CLANG_ENABLE_OBJC_ARC = YES;
				CLANG_WARN_BOOL_CONVERSION = YES;
				CLANG_WARN_CONSTANT_CONVERSION = YES;
				CLANG_WARN_DIRECT_OBJC_ISA_USAGE = YES_ERROR;
				CLANG_WARN_EMPTY_BODY = YES;
				CLANG_WARN_ENUM_CONVERSION = YES;
				CLANG_WARN_INT_CONVERSION = YES;
				CLANG_WARN_OBJC_ROOT_CLASS = YES_ERROR;
				CLANG_WARN_UNREACHABLE_CODE = YES;
				CLANG_WARN__DUPLICATE_METHOD_MATCH = YES;
				"CODE_SIGN_IDENTITY[sdk=iphoneos*]" = "iPhone Developer";
				COPY_PHASE_STRIP = NO;
				DEBUG_INFORMATION_FORMAT = "dwarf-with-dsym";
				ENABLE_NS_ASSERTIONS = NO;
				ENABLE_STRICT_OBJC_MSGSEND = YES;
				GCC_C_LANGUAGE_STANDARD = gnu99;
				GCC_NO_COMMON_BLOCKS = YES;
				GCC_WARN_64_TO_32_BIT_CONVERSION = YES;
				GCC_WARN_ABOUT_RETURN_TYPE = YES_ERROR;
				GCC_WARN_UNDECLARED_SELECTOR = YES;
				GCC_WARN_UNINITIALIZED_AUTOS = YES_AGGRESSIVE;
				GCC_WARN_UNUSED_FUNCTION = YES;
				GCC_WARN_UNUSED_VARIABLE = YES;
				IPHONEOS_DEPLOYMENT_TARGET = 9.1;
				MTL_ENABLE_DEBUG_INFO = NO;
				SDKROOT = iphoneos;
				TARGETED_DEVICE_FAMILY = "1,2";
				VALIDATE_PRODUCT = YES;
			};
			name = Release;
		};
		3864AE191BEFE8B700EB28C5 /* Debug */ = {
			isa = XCBuildConfiguration;
			buildSettings = {
				ASSETCATALOG_COMPILER_APPICON_NAME = AppIcon;
				INFOPLIST_FILE = MyWeather/Info.plist;
				LD_RUNPATH_SEARCH_PATHS = "$(inherited) @executable_path/Frameworks";
				PRODUCT_BUNDLE_IDENTIFIER = com.unifiedsense.MyWeather;
				PRODUCT_NAME = "$(TARGET_NAME)";
			};
			name = Debug;
		};
		3864AE1A1BEFE8B700EB28C5 /* Release */ = {
			isa = XCBuildConfiguration;
			buildSettings = {
				ASSETCATALOG_COMPILER_APPICON_NAME = AppIcon;
				INFOPLIST_FILE = MyWeather/Info.plist;
				LD_RUNPATH_SEARCH_PATHS = "$(inherited) @executable_path/Frameworks";
				PRODUCT_BUNDLE_IDENTIFIER = com.unifiedsense.MyWeather;
				PRODUCT_NAME = "$(TARGET_NAME)";
			};
			name = Release;
		};
/* End XCBuildConfiguration section */

/* Begin XCConfigurationList section */
		3864AE011BEFE8B700EB28C5 /* Build configuration list for PBXProject "MyWeather" */ = {
			isa = XCConfigurationList;
			buildConfigurations = (
				3864AE161BEFE8B700EB28C5 /* Debug */,
				3864AE171BEFE8B700EB28C5 /* Release */,
			);
			defaultConfigurationIsVisible = 0;
			defaultConfigurationName = Release;
		};
		3864AE181BEFE8B700EB28C5 /* Build configuration list for PBXNativeTarget "MyWeather" */ = {
			isa = XCConfigurationList;
			buildConfigurations = (
				3864AE191BEFE8B700EB28C5 /* Debug */,
				3864AE1A1BEFE8B700EB28C5 /* Release */,
			);
			defaultConfigurationIsVisible = 0;
			defaultConfigurationName = Release;
		};
/* End XCConfigurationList section */
	};
	rootObject = 3864ADFE1BEFE8B700EB28C5 /* Project object */;
}
